
Microsoft Visual Studio Solution File, Format Version 12.00
# Visual Studio Version 17
VisualStudioVersion = 17.6.33723.286
MinimumVisualStudioVersion = 10.0.40219.1
Project("{FAE04EC0-301F-11D3-BF4B-00C04F79EFBC}") = "NugetServer", "NugetServer.csproj", "{3CC7EF2E-791A-49D3-AD25-4C1F14714CD0}"
EndProject
Global
	GlobalSection(SolutionConfigurationPlatforms) = preSolution
		Debug|Any CPU = Debug|Any CPU
		Release|Any CPU = Release|Any CPU
	EndGlobalSection
	GlobalSection(ProjectConfigurationPlatforms) = postSolution
		{3CC7EF2E-791A-49D3-AD25-4C1F14714CD0}.Debug|Any CPU.ActiveCfg = Debug|Any CPU
		{3CC7EF2E-791A-49D3-AD25-4C1F14714CD0}.Debug|Any CPU.Build.0 = Debug|Any CPU
		{3CC7EF2E-791A-49D3-AD25-4C1F14714CD0}.Release|Any CPU.ActiveCfg = Release|Any CPU
		{3CC7EF2E-791A-49D3-AD25-4C1F14714CD0}.Release|Any CPU.Build.0 = Release|Any CPU
	EndGlobalSection
	GlobalSection(SolutionProperties) = preSolution
		HideSolutionNode = FALSE
	EndGlobalSection
	GlobalSection(ExtensibilityGlobals) = postSolution
		SolutionGuid = {29D41408-E3E8-41C6-8DCB-13BE05B597C9}
	EndGlobalSection
EndGlobal
